
Microsoft Visual Studio Solution File, Format Version 12.00
# Visual Studio Version 16
VisualStudioVersion = 16.0.29503.13
MinimumVisualStudioVersion = 10.0.40219.1
Project("{FAE04EC0-301F-11D3-BF4B-00C04F79EFBC}") = "DemoWebApp", "DemoWebApp\DemoWebApp.csproj", "{C774DE66-C241-4C7C-9FE9-73A27F84D76F}"
EndProject
Global
	GlobalSection(SolutionConfigurationPlatforms) = preSolution
		Debug|Any CPU = Debug|Any CPU
		Release|Any CPU = Release|Any CPU
	EndGlobalSection
	GlobalSection(ProjectConfigurationPlatforms) = postSolution
		{C774DE66-C241-4C7C-9FE9-73A27F84D76F}.Debug|Any CPU.ActiveCfg = Debug|Any CPU
		{C774DE66-C241-4C7C-9FE9-73A27F84D76F}.Debug|Any CPU.Build.0 = Debug|Any CPU
		{C774DE66-C241-4C7C-9FE9-73A27F84D76F}.Release|Any CPU.ActiveCfg = Release|Any CPU
		{C774DE66-C241-4C7C-9FE9-73A27F84D76F}.Release|Any CPU.Build.0 = Release|Any CPU
	EndGlobalSection
	GlobalSection(SolutionProperties) = preSolution
		HideSolutionNode = FALSE
	EndGlobalSection
	GlobalSection(ExtensibilityGlobals) = postSolution
		SolutionGuid = {F5F1AD9C-1E58-4221-A6B2-5AA6AC1E8F3B}
	EndGlobalSection
EndGlobal
